
Microsoft Visual Studio Solution File, Format Version 12.00
# Visual Studio 15
Project("{FAE04EC0-301F-11D3-BF4B-00C04F79EFBC}") = "Assembly-CSharp", "Assembly-CSharp.csproj", "{299BA77A-5FCF-D0C9-71F5-4C5130CACE39}"
EndProject
Project("{FAE04EC0-301F-11D3-BF4B-00C04F79EFBC}") = "Assembly-CSharp-Editor", "Assembly-CSharp-Editor.csproj", "{BBB95974-E1BA-FDDC-EB4A-42154EDE608D}"
EndProject
Global
	GlobalSection(SolutionConfigurationPlatforms) = preSolution
		Debug|Any CPU = Debug|Any CPU
		Release|Any CPU = Release|Any CPU
	EndGlobalSection
	GlobalSection(ProjectConfigurationPlatforms) = postSolution
		{299BA77A-5FCF-D0C9-71F5-4C5130CACE39}.Debug|Any CPU.ActiveCfg = Debug|Any CPU
		{299BA77A-5FCF-D0C9-71F5-4C5130CACE39}.Debug|Any CPU.Build.0 = Debug|Any CPU
		{299BA77A-5FCF-D0C9-71F5-4C5130CACE39}.Release|Any CPU.ActiveCfg = Release|Any CPU
		{299BA77A-5FCF-D0C9-71F5-4C5130CACE39}.Release|Any CPU.Build.0 = Release|Any CPU
		{BBB95974-E1BA-FDDC-EB4A-42154EDE608D}.Debug|Any CPU.ActiveCfg = Debug|Any CPU
		{BBB95974-E1BA-FDDC-EB4A-42154EDE608D}.Debug|Any CPU.Build.0 = Debug|Any CPU
		{BBB95974-E1BA-FDDC-EB4A-42154EDE608D}.Release|Any CPU.ActiveCfg = Release|Any CPU
		{BBB95974-E1BA-FDDC-EB4A-42154EDE608D}.Release|Any CPU.Build.0 = Release|Any CPU
	EndGlobalSection
	GlobalSection(SolutionProperties) = preSolution
		HideSolutionNode = FALSE
	EndGlobalSection
EndGlobal
